{
  "requires": true,
  "lockfileVersion": 1,
  "dependencies": {
    "dingtalk-jsapi": {
      "version": "2.8.33",
      "resolved": "https://registry.npmjs.org/dingtalk-jsapi/-/dingtalk-jsapi-2.8.33.tgz",
      "integrity": "sha512-jzJN2HdNcBPd6ziT1WclnEXe+KF9NciIm4uBTgjsCTGkN6opXGQtC7BhKdMxZOuM9BLpKGLPO2R6EycYMg6tEw==",
      "requires": {
        "promise-polyfill": "^7.1.0"
      }
    },
    "promise-polyfill": {
      "version": "7.1.2",
      "resolved": "https://registry.npmjs.org/promise-polyfill/-/promise-polyfill-7.1.2.tgz",
      "integrity": "sha512-FuEc12/eKqqoRYIGBrUptCBRhobL19PS2U31vMNTfyck1FxPyMfgsXyW4Mav85y/ZN1hop3hOwRlUDok23oYfQ=="
    }
  }
}
